
Microsoft Visual Studio Solution File, Format Version 12.00
# Visual Studio Version 17
VisualStudioVersion = 17.1.32319.34
MinimumVisualStudioVersion = 10.0.40219.1
Project("{888888A0-9F3D-457C-B088-3A5042F75D52}") = "LibTXNDCPy", "LibTXNDCPy\LibTXNDCPy.pyproj", "{2E5D9AF6-6FD2-4014-AD70-AF0B15E2FEDF}"
EndProject
Project("{FAE04EC0-301F-11D3-BF4B-00C04F79EFBC}") = "LibTXNDCCSharp", "LibTXNDCCSharp\LibTXNDCCSharp.csproj", "{F0821507-89D0-4010-BF16-89E24E7EFCA2}"
EndProject
Project("{FAE04EC0-301F-11D3-BF4B-00C04F79EFBC}") = "ConsoleApp1", "ConsoleApp1\ConsoleApp1.csproj", "{34359390-7C56-493B-87B9-7D136F705657}"
EndProject
Project("{888888A0-9F3D-457C-B088-3A5042F75D52}") = "LibTXReSciCollPy", "LibTXReSciCollPy\LibTXReSciCollPy.pyproj", "{C01490C8-DF32-4437-889E-7F21B6F6B113}"
EndProject
Global
	GlobalSection(SolutionConfigurationPlatforms) = preSolution
		Debug|Any CPU = Debug|Any CPU
		Release|Any CPU = Release|Any CPU
	EndGlobalSection
	GlobalSection(ProjectConfigurationPlatforms) = postSolution
		{2E5D9AF6-6FD2-4014-AD70-AF0B15E2FEDF}.Debug|Any CPU.ActiveCfg = Debug|Any CPU
		{2E5D9AF6-6FD2-4014-AD70-AF0B15E2FEDF}.Release|Any CPU.ActiveCfg = Release|Any CPU
		{F0821507-89D0-4010-BF16-89E24E7EFCA2}.Debug|Any CPU.ActiveCfg = Debug|Any CPU
		{F0821507-89D0-4010-BF16-89E24E7EFCA2}.Debug|Any CPU.Build.0 = Debug|Any CPU
		{F0821507-89D0-4010-BF16-89E24E7EFCA2}.Release|Any CPU.ActiveCfg = Release|Any CPU
		{F0821507-89D0-4010-BF16-89E24E7EFCA2}.Release|Any CPU.Build.0 = Release|Any CPU
		{34359390-7C56-493B-87B9-7D136F705657}.Debug|Any CPU.ActiveCfg = Debug|Any CPU
		{34359390-7C56-493B-87B9-7D136F705657}.Debug|Any CPU.Build.0 = Debug|Any CPU
		{34359390-7C56-493B-87B9-7D136F705657}.Release|Any CPU.ActiveCfg = Release|Any CPU
		{34359390-7C56-493B-87B9-7D136F705657}.Release|Any CPU.Build.0 = Release|Any CPU
		{C01490C8-DF32-4437-889E-7F21B6F6B113}.Debug|Any CPU.ActiveCfg = Debug|Any CPU
		{C01490C8-DF32-4437-889E-7F21B6F6B113}.Release|Any CPU.ActiveCfg = Release|Any CPU
	EndGlobalSection
	GlobalSection(SolutionProperties) = preSolution
		HideSolutionNode = FALSE
	EndGlobalSection
	GlobalSection(ExtensibilityGlobals) = postSolution
		SolutionGuid = {4DD78598-4793-4BEE-9C23-7C7E3CB22DBE}
	EndGlobalSection
EndGlobal
